
Microsoft Visual Studio Solution File, Format Version 12.00
# Visual Studio Version 17
VisualStudioVersion = 17.3.32901.215
MinimumVisualStudioVersion = 10.0.40219.1
Project("{FAE04EC0-301F-11D3-BF4B-00C04F79EFBC}") = "CmdLineArgsTester", "CmdLineArgsTester.csproj", "{429F2854-CF57-4AEA-8A72-BCEDF67349F2}"
EndProject
Global
	GlobalSection(SolutionConfigurationPlatforms) = preSolution
		Debug|Any CPU = Debug|Any CPU
		Release|Any CPU = Release|Any CPU
	EndGlobalSection
	GlobalSection(ProjectConfigurationPlatforms) = postSolution
		{429F2854-CF57-4AEA-8A72-BCEDF67349F2}.Debug|Any CPU.ActiveCfg = Debug|Any CPU
		{429F2854-CF57-4AEA-8A72-BCEDF67349F2}.Debug|Any CPU.Build.0 = Debug|Any CPU
		{429F2854-CF57-4AEA-8A72-BCEDF67349F2}.Release|Any CPU.ActiveCfg = Release|Any CPU
		{429F2854-CF57-4AEA-8A72-BCEDF67349F2}.Release|Any CPU.Build.0 = Release|Any CPU
	EndGlobalSection
	GlobalSection(SolutionProperties) = preSolution
		HideSolutionNode = FALSE
	EndGlobalSection
	GlobalSection(ExtensibilityGlobals) = postSolution
		SolutionGuid = {C1E540F0-8390-4C31-AF29-EDD00969DA47}
	EndGlobalSection
EndGlobal
